
Microsoft Visual Studio Solution File, Format Version 11.00
# Visual Studio 2010
Project("{FAE04EC0-301F-11D3-BF4B-00C04F79EFBC}") = "NetWin.Client.SiteExamination", "NetWin.Client.SiteExamination\NetWin.Client.SiteExamination.csproj", "{C27F1292-7B03-415B-83EA-1FE796F0917C}"
EndProject
Project("{FAE04EC0-301F-11D3-BF4B-00C04F79EFBC}") = "NetWin.Client.UnitTest", "NetWin.Client.UnitTest\NetWin.Client.UnitTest.csproj", "{C79BA46E-640E-4D82-A199-B0D16CF7C5A5}"
EndProject
Project("{FAE04EC0-301F-11D3-BF4B-00C04F79EFBC}") = "NetWin.Client.TestTools", "NetWin.Client.TestTools\NetWin.Client.TestTools.csproj", "{81943C08-617D-4A61-9277-16F1C1C941F4}"
EndProject
Project("{FAE04EC0-301F-11D3-BF4B-00C04F79EFBC}") = "NetWin.Client.ExaminationWeb", "NetWin.Client.ExaminationWeb\NetWin.Client.ExaminationWeb.csproj", "{32735C15-2420-4706-9F91-901F5EBF25B9}"
EndProject
Project("{2150E333-8FDC-42A3-9474-1A3956D46DE8}") = ".nuget", ".nuget", "{45E90D83-14E1-4B95-A0F2-CBE8B61295E0}"
	ProjectSection(SolutionItems) = preProject
		.nuget\NuGet.Config = .nuget\NuGet.Config
		.nuget\NuGet.exe = .nuget\NuGet.exe
		.nuget\NuGet.targets = .nuget\NuGet.targets
	EndProjectSection
EndProject
Global
	GlobalSection(SolutionConfigurationPlatforms) = preSolution
		Debug|Any CPU = Debug|Any CPU
		Debug|Mixed Platforms = Debug|Mixed Platforms
		Debug|x86 = Debug|x86
		Release|Any CPU = Release|Any CPU
		Release|Mixed Platforms = Release|Mixed Platforms
		Release|x86 = Release|x86
	EndGlobalSection
	GlobalSection(ProjectConfigurationPlatforms) = postSolution
		{C27F1292-7B03-415B-83EA-1FE796F0917C}.Debug|Any CPU.ActiveCfg = Debug|Any CPU
		{C27F1292-7B03-415B-83EA-1FE796F0917C}.Debug|Any CPU.Build.0 = Debug|Any CPU
		{C27F1292-7B03-415B-83EA-1FE796F0917C}.Debug|Mixed Platforms.ActiveCfg = Debug|Any CPU
		{C27F1292-7B03-415B-83EA-1FE796F0917C}.Debug|Mixed Platforms.Build.0 = Debug|Any CPU
		{C27F1292-7B03-415B-83EA-1FE796F0917C}.Debug|x86.ActiveCfg = Debug|Any CPU
		{C27F1292-7B03-415B-83EA-1FE796F0917C}.Release|Any CPU.ActiveCfg = Release|Any CPU
		{C27F1292-7B03-415B-83EA-1FE796F0917C}.Release|Any CPU.Build.0 = Release|Any CPU
		{C27F1292-7B03-415B-83EA-1FE796F0917C}.Release|Mixed Platforms.ActiveCfg = Release|Any CPU
		{C27F1292-7B03-415B-83EA-1FE796F0917C}.Release|Mixed Platforms.Build.0 = Release|Any CPU
		{C27F1292-7B03-415B-83EA-1FE796F0917C}.Release|x86.ActiveCfg = Release|Any CPU
		{C79BA46E-640E-4D82-A199-B0D16CF7C5A5}.Debug|Any CPU.ActiveCfg = Debug|x86
		{C79BA46E-640E-4D82-A199-B0D16CF7C5A5}.Debug|Mixed Platforms.ActiveCfg = Debug|x86
		{C79BA46E-640E-4D82-A199-B0D16CF7C5A5}.Debug|Mixed Platforms.Build.0 = Debug|x86
		{C79BA46E-640E-4D82-A199-B0D16CF7C5A5}.Debug|x86.ActiveCfg = Debug|x86
		{C79BA46E-640E-4D82-A199-B0D16CF7C5A5}.Debug|x86.Build.0 = Debug|x86
		{C79BA46E-640E-4D82-A199-B0D16CF7C5A5}.Release|Any CPU.ActiveCfg = Release|x86
		{C79BA46E-640E-4D82-A199-B0D16CF7C5A5}.Release|Mixed Platforms.ActiveCfg = Release|x86
		{C79BA46E-640E-4D82-A199-B0D16CF7C5A5}.Release|Mixed Platforms.Build.0 = Release|x86
		{C79BA46E-640E-4D82-A199-B0D16CF7C5A5}.Release|x86.ActiveCfg = Release|x86
		{C79BA46E-640E-4D82-A199-B0D16CF7C5A5}.Release|x86.Build.0 = Release|x86
		{81943C08-617D-4A61-9277-16F1C1C941F4}.Debug|Any CPU.ActiveCfg = Debug|x86
		{81943C08-617D-4A61-9277-16F1C1C941F4}.Debug|Mixed Platforms.ActiveCfg = Debug|x86
		{81943C08-617D-4A61-9277-16F1C1C941F4}.Debug|Mixed Platforms.Build.0 = Debug|x86
		{81943C08-617D-4A61-9277-16F1C1C941F4}.Debug|x86.ActiveCfg = Debug|x86
		{81943C08-617D-4A61-9277-16F1C1C941F4}.Debug|x86.Build.0 = Debug|x86
		{81943C08-617D-4A61-9277-16F1C1C941F4}.Release|Any CPU.ActiveCfg = Release|x86
		{81943C08-617D-4A61-9277-16F1C1C941F4}.Release|Mixed Platforms.ActiveCfg = Release|x86
		{81943C08-617D-4A61-9277-16F1C1C941F4}.Release|Mixed Platforms.Build.0 = Release|x86
		{81943C08-617D-4A61-9277-16F1C1C941F4}.Release|x86.ActiveCfg = Release|x86
		{81943C08-617D-4A61-9277-16F1C1C941F4}.Release|x86.Build.0 = Release|x86
		{32735C15-2420-4706-9F91-901F5EBF25B9}.Debug|Any CPU.ActiveCfg = Debug|Any CPU
		{32735C15-2420-4706-9F91-901F5EBF25B9}.Debug|Any CPU.Build.0 = Debug|Any CPU
		{32735C15-2420-4706-9F91-901F5EBF25B9}.Debug|Mixed Platforms.ActiveCfg = Debug|Any CPU
		{32735C15-2420-4706-9F91-901F5EBF25B9}.Debug|Mixed Platforms.Build.0 = Debug|Any CPU
		{32735C15-2420-4706-9F91-901F5EBF25B9}.Debug|x86.ActiveCfg = Debug|Any CPU
		{32735C15-2420-4706-9F91-901F5EBF25B9}.Release|Any CPU.ActiveCfg = Release|Any CPU
		{32735C15-2420-4706-9F91-901F5EBF25B9}.Release|Any CPU.Build.0 = Release|Any CPU
		{32735C15-2420-4706-9F91-901F5EBF25B9}.Release|Mixed Platforms.ActiveCfg = Release|Any CPU
		{32735C15-2420-4706-9F91-901F5EBF25B9}.Release|Mixed Platforms.Build.0 = Release|Any CPU
		{32735C15-2420-4706-9F91-901F5EBF25B9}.Release|x86.ActiveCfg = Release|Any CPU
	EndGlobalSection
	GlobalSection(SolutionProperties) = preSolution
		HideSolutionNode = FALSE
	EndGlobalSection
EndGlobal
